
Microsoft Visual Studio Solution File, Format Version 12.00
# Visual Studio Version 16
VisualStudioVersion = 16.0.810.13
MinimumVisualStudioVersion = 10.0.40219.1
Project("{FAE04EC0-301F-11D3-BF4B-00C04F79EFBC}") = "TalonViewWeb", "TalonViewWeb.csproj", "{C60E1DD6-58FC-445E-90E0-B555E7CF77D4}"
EndProject
Global
	GlobalSection(SolutionConfigurationPlatforms) = preSolution
		Debug|Any CPU = Debug|Any CPU
		Release|Any CPU = Release|Any CPU
	EndGlobalSection
	GlobalSection(ProjectConfigurationPlatforms) = postSolution
		{C60E1DD6-58FC-445E-90E0-B555E7CF77D4}.Debug|Any CPU.ActiveCfg = Debug|Any CPU
		{C60E1DD6-58FC-445E-90E0-B555E7CF77D4}.Debug|Any CPU.Build.0 = Debug|Any CPU
		{C60E1DD6-58FC-445E-90E0-B555E7CF77D4}.Release|Any CPU.ActiveCfg = Release|Any CPU
		{C60E1DD6-58FC-445E-90E0-B555E7CF77D4}.Release|Any CPU.Build.0 = Release|Any CPU
	EndGlobalSection
	GlobalSection(SolutionProperties) = preSolution
		HideSolutionNode = FALSE
	EndGlobalSection
	GlobalSection(ExtensibilityGlobals) = postSolution
		SolutionGuid = {1C5A5D3D-9B0F-453F-98A2-A3980C03FD43}
	EndGlobalSection
EndGlobal
